// !$*UTF8*$!
{
	archiveVersion = 1;
	classes = {
	};
	objectVersion = 46;
	objects = {

/* Begin PBXBuildFile section */
		8E4327BE1E5DCA69003E8D71 /* AppDelegate.swift in Sources */ = {isa = PBXBuildFile; fileRef = 8E4327BD1E5DCA69003E8D71 /* AppDelegate.swift */; };
		8E4327C01E5DCA69003E8D71 /* ViewController.swift in Sources */ = {isa = PBXBuildFile; fileRef = 8E4327BF1E5DCA69003E8D71 /* ViewController.swift */; };
		8E4327C31E5DCA69003E8D71 /* Main.storyboard in Resources */ = {isa = PBXBuildFile; fileRef = 8E4327C11E5DCA69003E8D71 /* Main.storyboard */; };
		8E4327C51E5DCA69003E8D71 /* Assets.xcassets in Resources */ = {isa = PBXBuildFile; fileRef = 8E4327C41E5DCA69003E8D71 /* Assets.xcassets */; };
		8E4327C81E5DCA69003E8D71 /* LaunchScreen.storyboard in Resources */ = {isa = PBXBuildFile; fileRef = 8E4327C61E5DCA69003E8D71 /* LaunchScreen.storyboard */; };
		8E4327D01E5DCA88003E8D71 /* FantasticView.swift in Sources */ = {isa = PBXBuildFile; fileRef = 8E4327CF1E5DCA88003E8D71 /* FantasticView.swift */; };
/* End PBXBuildFile section */

/* Begin PBXFileReference section */
		8E4327BA1E5DCA69003E8D71 /* FantasticView.app */ = {isa = PBXFileReference; explicitFileType = wrapper.application; includeInIndex = 0; path = FantasticView.app; sourceTree = BUILT_PRODUCTS_DIR; };
		8E4327BD1E5DCA69003E8D71 /* AppDelegate.swift */ = {isa = PBXFileReference; lastKnownFileType = sourcecode.swift; path = AppDelegate.swift; sourceTree = "<group>"; };
		8E4327BF1E5DCA69003E8D71 /* ViewController.swift */ = {isa = PBXFileReference; lastKnownFileType = sourcecode.swift; path = ViewController.swift; sourceTree = "<group>"; };
		8E4327C21E5DCA69003E8D71 /* Base */ = {isa = PBXFileReference; lastKnownFileType = file.storyboard; name = Base; path = Base.lproj/Main.storyboard; sourceTree = "<group>"; };
		8E4327C41E5DCA69003E8D71 /* Assets.xcassets */ = {isa = PBXFileReference; lastKnownFileType = folder.assetcatalog; path = Assets.xcassets; sourceTree = "<group>"; };
		8E4327C71E5DCA69003E8D71 /* Base */ = {isa = PBXFileReference; lastKnownFileType = file.storyboard; name = Base; path = Base.lproj/LaunchScreen.storyboard; sourceTree = "<group>"; };
		8E4327C91E5DCA69003E8D71 /* Info.plist */ = {isa = PBXFileReference; lastKnownFileType = text.plist.xml; path = Info.plist; sourceTree = "<group>"; };
		8E4327CF1E5DCA88003E8D71 /* FantasticView.swift */ = {isa = PBXFileReference; fileEncoding = 4; lastKnownFileType = sourcecode.swift; path = FantasticView.swift; sourceTree = "<group>"; };
/* End PBXFileReference section */

/* Begin PBXFrameworksBuildPhase section */
		8E4327B71E5DCA69003E8D71 /* Frameworks */ = {
			isa = PBXFrameworksBuildPhase;
			buildActionMask = 2147483647;
			files = (
			);
			runOnlyForDeploymentPostprocessing = 0;
		};
/* End PBXFrameworksBuildPhase section */

/* Begin PBXGroup section */
		8E4327B11E5DCA69003E8D71 = {
			isa = PBXGroup;
			children = (
				8E4327BC1E5DCA69003E8D71 /* FantasticView */,
				8E4327BB1E5DCA69003E8D71 /* Products */,
			);
			sourceTree = "<group>";
		};
		8E4327BB1E5DCA69003E8D71 /* Products */ = {
			isa = PBXGroup;
			children = (
				8E4327BA1E5DCA69003E8D71 /* FantasticView.app */,
			);
			name = Products;
			sourceTree = "<group>";
		};
		8E4327BC1E5DCA69003E8D71 /* FantasticView */ = {
			isa = PBXGroup;
			children = (
				8E4327BD1E5DCA69003E8D71 /* AppDelegate.swift */,
				8E4327BF1E5DCA69003E8D71 /* ViewController.swift */,
				8E4327C11E5DCA69003E8D71 /* Main.storyboard */,
				8E4327C41E5DCA69003E8D71 /* Assets.xcassets */,
				8E4327C61E5DCA69003E8D71 /* LaunchScreen.storyboard */,
				8E4327C91E5DCA69003E8D71 /* Info.plist */,
				8E4327CF1E5DCA88003E8D71 /* FantasticView.swift */,
			);
			path = FantasticView;
			sourceTree = "<group>";
		};
/* End PBXGroup section */

/* Begin PBXNativeTarget section */
		8E4327B91E5DCA69003E8D71 /* FantasticView */ = {
			isa = PBXNativeTarget;
			buildConfigurationList = 8E4327CC1E5DCA69003E8D71 /* Build configuration list for PBXNativeTarget "FantasticView" */;
			buildPhases = (
				8E4327B61E5DCA69003E8D71 /* Sources */,
				8E4327B71E5DCA69003E8D71 /* Frameworks */,
				8E4327B81E5DCA69003E8D71 /* Resources */,
			);
			buildRules = (
			);
			dependencies = (
			);
			name = FantasticView;
			productName = FantasticView;
			productReference = 8E4327BA1E5DCA69003E8D71 /* FantasticView.app */;
			productType = "com.apple.product-type.application";
		};
/* End PBXNativeTarget section */

/* Begin PBXProject section */
		8E4327B21E5DCA69003E8D71 /* Project object */ = {
			isa = PBXProject;
			attributes = {
				LastSwiftUpdateCheck = 0820;
				LastUpgradeCheck = 0820;
				ORGANIZATIONNAME = "Kamil Czopek";
				TargetAttributes = {
					8E4327B91E5DCA69003E8D71 = {
						CreatedOnToolsVersion = 8.2.1;
						DevelopmentTeam = CT4DLUK6VJ;
						ProvisioningStyle = Automatic;
					};
				};
			};
			buildConfigurationList = 8E4327B51E5DCA69003E8D71 /* Build configuration list for PBXProject "FantasticView" */;
			compatibilityVersion = "Xcode 3.2";
			developmentRegion = English;
			hasScannedForEncodings = 0;
			knownRegions = (
				en,
				Base,
			);
			mainGroup = 8E4327B11E5DCA69003E8D71;
			productRefGroup = 8E4327BB1E5DCA69003E8D71 /* Products */;
			projectDirPath = "";
			projectRoot = "";
			targets = (
				8E4327B91E5DCA69003E8D71 /* FantasticView */,
			);
		};
/* End PBXProject section */

/* Begin PBXResourcesBuildPhase section */
		8E4327B81E5DCA69003E8D71 /* Resources */ = {
			isa = PBXResourcesBuildPhase;
			buildActionMask = 2147483647;
			files = (
				8E4327C81E5DCA69003E8D71 /* LaunchScreen.storyboard in Resources */,
				8E4327C51E5DCA69003E8D71 /* Assets.xcassets in Resources */,
				8E4327C31E5DCA69003E8D71 /* Main.storyboard in Resources */,
			);
			runOnlyForDeploymentPostprocessing = 0;
		};
/* End PBXResourcesBuildPhase section */

/* Begin PBXSourcesBuildPhase section */
		8E4327B61E5DCA69003E8D71 /* Sources */ = {
			isa = PBXSourcesBuildPhase;
			buildActionMask = 2147483647;
			files = (
				8E4327C01E5DCA69003E8D71 /* ViewController.swift in Sources */,
				8E4327BE1E5DCA69003E8D71 /* AppDelegate.swift in Sources */,
				8E4327D01E5DCA88003E8D71 /* FantasticView.swift in Sources */,
			);
			runOnlyForDeploymentPostprocessing = 0;
		};
/* End PBXSourcesBuildPhase section */

/* Begin PBXVariantGroup section */
		8E4327C11E5DCA69003E8D71 /* Main.storyboard */ = {
			isa = PBXVariantGroup;
			children = (
				8E4327C21E5DCA69003E8D71 /* Base */,
			);
			name = Main.storyboard;
			sourceTree = "<group>";
		};
		8E4327C61E5DCA69003E8D71 /* LaunchScreen.storyboard */ = {
			isa = PBXVariantGroup;
			children = (
				8E4327C71E5DCA69003E8D71 /* Base */,
			);
			name = LaunchScreen.storyboard;
			sourceTree = "<group>";
		};
/* End PBXVariantGroup section */

/* Begin XCBuildConfiguration section */
		8E4327CA1E5DCA69003E8D71 /* Debug */ = {
			isa = XCBuildConfiguration;
			buildSettings = {
				ALWAYS_SEARCH_USER_PATHS = NO;
				CLANG_ANALYZER_NONNULL = YES;
				CLANG_CXX_LANGUAGE_STANDARD = "gnu++0x";
				CLANG_CXX_LIBRARY = "libc++";
				CLANG_ENABLE_MODULES = YES;
				CLANG_ENABLE_OBJC_ARC = YES;
				CLANG_WARN_BOOL_CONVERSION = YES;
				CLANG_WARN_CONSTANT_CONVERSION = YES;
				CLANG_WARN_DIRECT_OBJC_ISA_USAGE = YES_ERROR;
				CLANG_WARN_DOCUMENTATION_COMMENTS = YES;
				CLANG_WARN_EMPTY_BODY = YES;
				CLANG_WARN_ENUM_CONVERSION = YES;
				CLANG_WARN_INFINITE_RECURSION = YES;
				CLANG_WARN_INT_CONVERSION = YES;
				CLANG_WARN_OBJC_ROOT_CLASS = YES_ERROR;
				CLANG_WARN_SUSPICIOUS_MOVE = YES;
				CLANG_WARN_UNREACHABLE_CODE = YES;
				CLANG_WARN__DUPLICATE_METHOD_MATCH = YES;
				"CODE_SIGN_IDENTITY[sdk=iphoneos*]" = "iPhone Developer";
				COPY_PHASE_STRIP = NO;
				DEBUG_INFORMATION_FORMAT = dwarf;
				ENABLE_STRICT_OBJC_MSGSEND = YES;
				ENABLE_TESTABILITY = YES;
				GCC_C_LANGUAGE_STANDARD = gnu99;
				GCC_DYNAMIC_NO_PIC = NO;
				GCC_NO_COMMON_BLOCKS = YES;
				GCC_OPTIMIZATION_LEVEL = 0;
				GCC_PREPROCESSOR_DEFINITIONS = (
					"DEBUG=1",
					"$(inherited)",
				);
				GCC_WARN_64_TO_32_BIT_CONVERSION = YES;
				GCC_WARN_ABOUT_RETURN_TYPE = YES_ERROR;
				GCC_WARN_UNDECLARED_SELECTOR = YES;
				GCC_WARN_UNINITIALIZED_AUTOS = YES_AGGRESSIVE;
				GCC_WARN_UNUSED_FUNCTION = YES;
				GCC_WARN_UNUSED_VARIABLE = YES;
				IPHONEOS_DEPLOYMENT_TARGET = 10.2;
				MTL_ENABLE_DEBUG_INFO = YES;
				ONLY_ACTIVE_ARCH = YES;
				SDKROOT = iphoneos;
				SWIFT_ACTIVE_COMPILATION_CONDITIONS = DEBUG;
				SWIFT_OPTIMIZATION_LEVEL = "-Onone";
				TARGETED_DEVICE_FAMILY = "1,2";
			};
			name = Debug;
		};
		8E4327CB1E5DCA69003E8D71 /* Release */ = {
			isa = XCBuildConfiguration;
			buildSettings = {
				ALWAYS_SEARCH_USER_PATHS = NO;
				CLANG_ANALYZER_NONNULL = YES;
				CLANG_CXX_LANGUAGE_STANDARD = "gnu++0x";
				CLANG_CXX_LIBRARY = "libc++";
				CLANG_ENABLE_MODULES = YES;
				CLANG_ENABLE_OBJC_ARC = YES;
				CLANG_WARN_BOOL_CONVERSION = YES;
				CLANG_WARN_CONSTANT_CONVERSION = YES;
				CLANG_WARN_DIRECT_OBJC_ISA_USAGE = YES_ERROR;
				CLANG_WARN_DOCUMENTATION_COMMENTS = YES;
				CLANG_WARN_EMPTY_BODY = YES;
				CLANG_WARN_ENUM_CONVERSION = YES;
				CLANG_WARN_INFINITE_RECURSION = YES;
				CLANG_WARN_INT_CONVERSION = YES;
				CLANG_WARN_OBJC_ROOT_CLASS = YES_ERROR;
				CLANG_WARN_SUSPICIOUS_MOVE = YES;
				CLANG_WARN_UNREACHABLE_CODE = YES;
				CLANG_WARN__DUPLICATE_METHOD_MATCH = YES;
				"CODE_SIGN_IDENTITY[sdk=iphoneos*]" = "iPhone Developer";
				COPY_PHASE_STRIP = NO;
				DEBUG_INFORMATION_FORMAT = "dwarf-with-dsym";
				ENABLE_NS_ASSERTIONS = NO;
				ENABLE_STRICT_OBJC_MSGSEND = YES;
				GCC_C_LANGUAGE_STANDARD = gnu99;
				GCC_NO_COMMON_BLOCKS = YES;
				GCC_WARN_64_TO_32_BIT_CONVERSION = YES;
				GCC_WARN_ABOUT_RETURN_TYPE = YES_ERROR;
				GCC_WARN_UNDECLARED_SELECTOR = YES;
				GCC_WARN_UNINITIALIZED_AUTOS = YES_AGGRESSIVE;
				GCC_WARN_UNUSED_FUNCTION = YES;
				GCC_WARN_UNUSED_VARIABLE = YES;
				IPHONEOS_DEPLOYMENT_TARGET = 10.2;
				MTL_ENABLE_DEBUG_INFO = NO;
				SDKROOT = iphoneos;
				SWIFT_OPTIMIZATION_LEVEL = "-Owholemodule";
				TARGETED_DEVICE_FAMILY = "1,2";
				VALIDATE_PRODUCT = YES;
			};
			name = Release;
		};
		8E4327CD1E5DCA69003E8D71 /* Debug */ = {
			isa = XCBuildConfiguration;
			buildSettings = {
				ASSETCATALOG_COMPILER_APPICON_NAME = AppIcon;
				DEVELOPMENT_TEAM = CT4DLUK6VJ;
				INFOPLIST_FILE = FantasticView/Info.plist;
				LD_RUNPATH_SEARCH_PATHS = "$(inherited) @executable_path/Frameworks";
				PRODUCT_BUNDLE_IDENTIFIER = pl.kamilczopek.FantasticView;
				PRODUCT_NAME = "$(TARGET_NAME)";
				SWIFT_VERSION = 3.0;
			};
			name = Debug;
		};
		8E4327CE1E5DCA69003E8D71 /* Release */ = {
			isa = XCBuildConfiguration;
			buildSettings = {
				ASSETCATALOG_COMPILER_APPICON_NAME = AppIcon;
				DEVELOPMENT_TEAM = CT4DLUK6VJ;
				INFOPLIST_FILE = FantasticView/Info.plist;
				LD_RUNPATH_SEARCH_PATHS = "$(inherited) @executable_path/Frameworks";
				PRODUCT_BUNDLE_IDENTIFIER = pl.kamilczopek.FantasticView;
				PRODUCT_NAME = "$(TARGET_NAME)";
				SWIFT_VERSION = 3.0;
			};
			name = Release;
		};
/* End XCBuildConfiguration section */

/* Begin XCConfigurationList section */
		8E4327B51E5DCA69003E8D71 /* Build configuration list for PBXProject "FantasticView" */ = {
			isa = XCConfigurationList;
			buildConfigurations = (
				8E4327CA1E5DCA69003E8D71 /* Debug */,
				8E4327CB1E5DCA69003E8D71 /* Release */,
			);
			defaultConfigurationIsVisible = 0;
			defaultConfigurationName = Release;
		};
		8E4327CC1E5DCA69003E8D71 /* Build configuration list for PBXNativeTarget "FantasticView" */ = {
			isa = XCConfigurationList;
			buildConfigurations = (
				8E4327CD1E5DCA69003E8D71 /* Debug */,
				8E4327CE1E5DCA69003E8D71 /* Release */,
			);
			defaultConfigurationIsVisible = 0;
		};
/* End XCConfigurationList section */
	};
	rootObject = 8E4327B21E5DCA69003E8D71 /* Project object */;
}
